PODS:
  - MXGSynchronizeTest (1.1.0)
  - SSAccessibility (0.2.0)

DEPENDENCIES:
  - MXGSynchronizeTest
  - SSAccessibility (from `../`)

EXTERNAL SOURCES:
  SSAccessibility:
    :path: ../

SPEC CHECKSUMS:
  MXGSynchronizeTest: 8f2f041ca6896caec74463ab43743d97d3dc8c18
  SSAccessibility: a16ea1392bb861f323c30fd33911e02437969d9c

COCOAPODS: 0.35.0
