PODS:
  - MXGSynchronizeTest (1.1.0)
  - SSAccessibility (0.1.0)

DEPENDENCIES:
  - MXGSynchronizeTest
  - SSAccessibility (from `../`)

EXTERNAL SOURCES:
  SSAccessibility:
    :path: ../

SPEC CHECKSUMS:
  MXGSynchronizeTest: 8f2f041ca6896caec74463ab43743d97d3dc8c18
  SSAccessibility: a9586b48f563466b406862564c70067f1f2357a8

COCOAPODS: 0.35.0
