// !$*UTF8*$!
{
	archiveVersion = 1;
	classes = {
	};
	objectVersion = 46;
	objects = {

/* Begin PBXBuildFile section */
		5E5697C31878B6F50038E392 /* Foundation.framework in Frameworks */ = {isa = PBXBuildFile; fileRef = 5E5697C21878B6F50038E392 /* Foundation.framework */; };
		5E5697C51878B6F50038E392 /* CoreGraphics.framework in Frameworks */ = {isa = PBXBuildFile; fileRef = 5E5697C41878B6F50038E392 /* CoreGraphics.framework */; };
		5E5697C71878B6F50038E392 /* UIKit.framework in Frameworks */ = {isa = PBXBuildFile; fileRef = 5E5697C61878B6F50038E392 /* UIKit.framework */; };
		5E5697CD1878B6F50038E392 /* InfoPlist.strings in Resources */ = {isa = PBXBuildFile; fileRef = 5E5697CB1878B6F50038E392 /* InfoPlist.strings */; };
		5E5697CF1878B6F50038E392 /* main.m in Sources */ = {isa = PBXBuildFile; fileRef = 5E5697CE1878B6F50038E392 /* main.m */; };
		5E5697D31878B6F50038E392 /* SSAppDelegate.m in Sources */ = {isa = PBXBuildFile; fileRef = 5E5697D21878B6F50038E392 /* SSAppDelegate.m */; };
		5E5697DC1878B6F50038E392 /* SSViewController.m in Sources */ = {isa = PBXBuildFile; fileRef = 5E5697DB1878B6F50038E392 /* SSViewController.m */; };
		5E5697DE1878B6F50038E392 /* Images.xcassets in Resources */ = {isa = PBXBuildFile; fileRef = 5E5697DD1878B6F50038E392 /* Images.xcassets */; };
		5E5697E51878B6F50038E392 /* XCTest.framework in Frameworks */ = {isa = PBXBuildFile; fileRef = 5E5697E41878B6F50038E392 /* XCTest.framework */; };
		5E5697E61878B6F50038E392 /* Foundation.framework in Frameworks */ = {isa = PBXBuildFile; fileRef = 5E5697C21878B6F50038E392 /* Foundation.framework */; };
		5E5697E71878B6F50038E392 /* UIKit.framework in Frameworks */ = {isa = PBXBuildFile; fileRef = 5E5697C61878B6F50038E392 /* UIKit.framework */; };
		5E5697EF1878B6F50038E392 /* InfoPlist.strings in Resources */ = {isa = PBXBuildFile; fileRef = 5E5697ED1878B6F50038E392 /* InfoPlist.strings */; };
		5E5697F11878B6F50038E392 /* SSAccessibilityTests.m in Sources */ = {isa = PBXBuildFile; fileRef = 5E5697F01878B6F50038E392 /* SSAccessibilityTests.m */; };
		A87A9D9026954A09B19F3ED6 /* libPods.a in Frameworks */ = {isa = PBXBuildFile; fileRef = 496193C8A88C432BB45CD62E /* libPods.a */; };
		AD5C3106516B4DB0A37F7618 /* libPods-SSAccessibilityTests.a in Frameworks */ = {isa = PBXBuildFile; fileRef = FC9BDCAC63734DCB82A36C65 /* libPods-SSAccessibilityTests.a */; };
/* End PBXBuildFile section */

/* Begin PBXContainerItemProxy section */
		5E5697E81878B6F50038E392 /* PBXContainerItemProxy */ = {
			isa = PBXContainerItemProxy;
			containerPortal = 5E5697B71878B6F50038E392 /* Project object */;
			proxyType = 1;
			remoteGlobalIDString = 5E5697BE1878B6F50038E392;
			remoteInfo = SSAccessibility;
		};
/* End PBXContainerItemProxy section */

/* Begin PBXFileReference section */
		0C8B3C146036716551CF65D8 /* Pods-SSAccessibilityTests.debug.xcconfig */ = {isa = PBXFileReference; includeInIndex = 1; lastKnownFileType = text.xcconfig; name = "Pods-SSAccessibilityTests.debug.xcconfig"; path = "Pods/Target Support Files/Pods-SSAccessibilityTests/Pods-SSAccessibilityTests.debug.xcconfig"; sourceTree = "<group>"; };
		160ACE5F898E64986D8F2C5F /* Pods.debug.xcconfig */ = {isa = PBXFileReference; includeInIndex = 1; lastKnownFileType = text.xcconfig; name = Pods.debug.xcconfig; path = "Pods/Target Support Files/Pods/Pods.debug.xcconfig"; sourceTree = "<group>"; };
		496193C8A88C432BB45CD62E /* libPods.a */ = {isa = PBXFileReference; explicitFileType = archive.ar; includeInIndex = 0; path = libPods.a; sourceTree = BUILT_PRODUCTS_DIR; };
		5E5697BF1878B6F50038E392 /* SSAccessibility.app */ = {isa = PBXFileReference; explicitFileType = wrapper.application; includeInIndex = 0; path = SSAccessibility.app; sourceTree = BUILT_PRODUCTS_DIR; };
		5E5697C21878B6F50038E392 /* Foundation.framework */ = {isa = PBXFileReference; lastKnownFileType = wrapper.framework; name = Foundation.framework; path = System/Library/Frameworks/Foundation.framework; sourceTree = SDKROOT; };
		5E5697C41878B6F50038E392 /* CoreGraphics.framework */ = {isa = PBXFileReference; lastKnownFileType = wrapper.framework; name = CoreGraphics.framework; path = System/Library/Frameworks/CoreGraphics.framework; sourceTree = SDKROOT; };
		5E5697C61878B6F50038E392 /* UIKit.framework */ = {isa = PBXFileReference; lastKnownFileType = wrapper.framework; name = UIKit.framework; path = System/Library/Frameworks/UIKit.framework; sourceTree = SDKROOT; };
		5E5697CA1878B6F50038E392 /* SSAccessibility-Info.plist */ = {isa = PBXFileReference; lastKnownFileType = text.plist.xml; path = "SSAccessibility-Info.plist"; sourceTree = "<group>"; };
		5E5697CC1878B6F50038E392 /* en */ = {isa = PBXFileReference; lastKnownFileType = text.plist.strings; name = en; path = en.lproj/InfoPlist.strings; sourceTree = "<group>"; };
		5E5697CE1878B6F50038E392 /* main.m */ = {isa = PBXFileReference; lastKnownFileType = sourcecode.c.objc; path = main.m; sourceTree = "<group>"; };
		5E5697D01878B6F50038E392 /* SSAccessibility-Prefix.pch */ = {isa = PBXFileReference; lastKnownFileType = sourcecode.c.h; path = "SSAccessibility-Prefix.pch"; sourceTree = "<group>"; };
		5E5697D11878B6F50038E392 /* SSAppDelegate.h */ = {isa = PBXFileReference; lastKnownFileType = sourcecode.c.h; path = SSAppDelegate.h; sourceTree = "<group>"; };
		5E5697D21878B6F50038E392 /* SSAppDelegate.m */ = {isa = PBXFileReference; lastKnownFileType = sourcecode.c.objc; path = SSAppDelegate.m; sourceTree = "<group>"; };
		5E5697DA1878B6F50038E392 /* SSViewController.h */ = {isa = PBXFileReference; lastKnownFileType = sourcecode.c.h; path = SSViewController.h; sourceTree = "<group>"; };
		5E5697DB1878B6F50038E392 /* SSViewController.m */ = {isa = PBXFileReference; lastKnownFileType = sourcecode.c.objc; path = SSViewController.m; sourceTree = "<group>"; };
		5E5697DD1878B6F50038E392 /* Images.xcassets */ = {isa = PBXFileReference; lastKnownFileType = folder.assetcatalog; path = Images.xcassets; sourceTree = "<group>"; };
		5E5697E31878B6F50038E392 /* SSAccessibilityTests.xctest */ = {isa = PBXFileReference; explicitFileType = wrapper.cfbundle; includeInIndex = 0; path = SSAccessibilityTests.xctest; sourceTree = BUILT_PRODUCTS_DIR; };
		5E5697E41878B6F50038E392 /* XCTest.framework */ = {isa = PBXFileReference; lastKnownFileType = wrapper.framework; name = XCTest.framework; path = Library/Frameworks/XCTest.framework; sourceTree = DEVELOPER_DIR; };
		5E5697EC1878B6F50038E392 /* SSAccessibilityTests-Info.plist */ = {isa = PBXFileReference; lastKnownFileType = text.plist.xml; path = "SSAccessibilityTests-Info.plist"; sourceTree = "<group>"; };
		5E5697EE1878B6F50038E392 /* en */ = {isa = PBXFileReference; lastKnownFileType = text.plist.strings; name = en; path = en.lproj/InfoPlist.strings; sourceTree = "<group>"; };
		5E5697F01878B6F50038E392 /* SSAccessibilityTests.m */ = {isa = PBXFileReference; lastKnownFileType = sourcecode.c.objc; path = SSAccessibilityTests.m; sourceTree = "<group>"; };
		C096D85C8B7DDDA87E7245C5 /* Pods.release.xcconfig */ = {isa = PBXFileReference; includeInIndex = 1; lastKnownFileType = text.xcconfig; name = Pods.release.xcconfig; path = "Pods/Target Support Files/Pods/Pods.release.xcconfig"; sourceTree = "<group>"; };
		D55BBD489AF3046213F412A6 /* Pods-SSAccessibilityTests.release.xcconfig */ = {isa = PBXFileReference; includeInIndex = 1; lastKnownFileType = text.xcconfig; name = "Pods-SSAccessibilityTests.release.xcconfig"; path = "Pods/Target Support Files/Pods-SSAccessibilityTests/Pods-SSAccessibilityTests.release.xcconfig"; sourceTree = "<group>"; };
		FC9BDCAC63734DCB82A36C65 /* libPods-SSAccessibilityTests.a */ = {isa = PBXFileReference; explicitFileType = archive.ar; includeInIndex = 0; path = "libPods-SSAccessibilityTests.a"; sourceTree = BUILT_PRODUCTS_DIR; };
/* End PBXFileReference section */

/* Begin PBXFrameworksBuildPhase section */
		5E5697BC1878B6F50038E392 /* Frameworks */ = {
			isa = PBXFrameworksBuildPhase;
			buildActionMask = 2147483647;
			files = (
				5E5697C51878B6F50038E392 /* CoreGraphics.framework in Frameworks */,
				5E5697C71878B6F50038E392 /* UIKit.framework in Frameworks */,
				5E5697C31878B6F50038E392 /* Foundation.framework in Frameworks */,
				A87A9D9026954A09B19F3ED6 /* libPods.a in Frameworks */,
			);
			runOnlyForDeploymentPostprocessing = 0;
		};
		5E5697E01878B6F50038E392 /* Frameworks */ = {
			isa = PBXFrameworksBuildPhase;
			buildActionMask = 2147483647;
			files = (
				5E5697E51878B6F50038E392 /* XCTest.framework in Frameworks */,
				5E5697E71878B6F50038E392 /* UIKit.framework in Frameworks */,
				5E5697E61878B6F50038E392 /* Foundation.framework in Frameworks */,
				AD5C3106516B4DB0A37F7618 /* libPods-SSAccessibilityTests.a in Frameworks */,
			);
			runOnlyForDeploymentPostprocessing = 0;
		};
/* End PBXFrameworksBuildPhase section */

/* Begin PBXGroup section */
		5E5697B61878B6F50038E392 = {
			isa = PBXGroup;
			children = (
				5E5697C81878B6F50038E392 /* SSAccessibility */,
				5E5697EA1878B6F50038E392 /* SSAccessibilityTests */,
				5E5697C11878B6F50038E392 /* Frameworks */,
				5E5697C01878B6F50038E392 /* Products */,
				A008F20244D549C44D5A6787 /* Pods */,
			);
			sourceTree = "<group>";
		};
		5E5697C01878B6F50038E392 /* Products */ = {
			isa = PBXGroup;
			children = (
				5E5697BF1878B6F50038E392 /* SSAccessibility.app */,
				5E5697E31878B6F50038E392 /* SSAccessibilityTests.xctest */,
			);
			name = Products;
			sourceTree = "<group>";
		};
		5E5697C11878B6F50038E392 /* Frameworks */ = {
			isa = PBXGroup;
			children = (
				5E5697C21878B6F50038E392 /* Foundation.framework */,
				5E5697C41878B6F50038E392 /* CoreGraphics.framework */,
				5E5697C61878B6F50038E392 /* UIKit.framework */,
				5E5697E41878B6F50038E392 /* XCTest.framework */,
				496193C8A88C432BB45CD62E /* libPods.a */,
				FC9BDCAC63734DCB82A36C65 /* libPods-SSAccessibilityTests.a */,
			);
			name = Frameworks;
			sourceTree = "<group>";
		};
		5E5697C81878B6F50038E392 /* SSAccessibility */ = {
			isa = PBXGroup;
			children = (
				5E5697D11878B6F50038E392 /* SSAppDelegate.h */,
				5E5697D21878B6F50038E392 /* SSAppDelegate.m */,
				5E5697DA1878B6F50038E392 /* SSViewController.h */,
				5E5697DB1878B6F50038E392 /* SSViewController.m */,
				5E5697DD1878B6F50038E392 /* Images.xcassets */,
				5E5697C91878B6F50038E392 /* Supporting Files */,
			);
			path = SSAccessibility;
			sourceTree = "<group>";
		};
		5E5697C91878B6F50038E392 /* Supporting Files */ = {
			isa = PBXGroup;
			children = (
				5E5697CA1878B6F50038E392 /* SSAccessibility-Info.plist */,
				5E5697CB1878B6F50038E392 /* InfoPlist.strings */,
				5E5697CE1878B6F50038E392 /* main.m */,
				5E5697D01878B6F50038E392 /* SSAccessibility-Prefix.pch */,
			);
			name = "Supporting Files";
			sourceTree = "<group>";
		};
		5E5697EA1878B6F50038E392 /* SSAccessibilityTests */ = {
			isa = PBXGroup;
			children = (
				5E5697F01878B6F50038E392 /* SSAccessibilityTests.m */,
				5E5697EB1878B6F50038E392 /* Supporting Files */,
			);
			path = SSAccessibilityTests;
			sourceTree = "<group>";
		};
		5E5697EB1878B6F50038E392 /* Supporting Files */ = {
			isa = PBXGroup;
			children = (
				5E5697EC1878B6F50038E392 /* SSAccessibilityTests-Info.plist */,
				5E5697ED1878B6F50038E392 /* InfoPlist.strings */,
			);
			name = "Supporting Files";
			sourceTree = "<group>";
		};
		A008F20244D549C44D5A6787 /* Pods */ = {
			isa = PBXGroup;
			children = (
				160ACE5F898E64986D8F2C5F /* Pods.debug.xcconfig */,
				C096D85C8B7DDDA87E7245C5 /* Pods.release.xcconfig */,
				0C8B3C146036716551CF65D8 /* Pods-SSAccessibilityTests.debug.xcconfig */,
				D55BBD489AF3046213F412A6 /* Pods-SSAccessibilityTests.release.xcconfig */,
			);
			name = Pods;
			sourceTree = "<group>";
		};
/* End PBXGroup section */

/* Begin PBXNativeTarget section */
		5E5697BE1878B6F50038E392 /* SSAccessibility */ = {
			isa = PBXNativeTarget;
			buildConfigurationList = 5E5697F41878B6F50038E392 /* Build configuration list for PBXNativeTarget "SSAccessibility" */;
			buildPhases = (
				CDE80A623A554A0FA5A862E2 /* Check Pods Manifest.lock */,
				5E5697BB1878B6F50038E392 /* Sources */,
				5E5697BC1878B6F50038E392 /* Frameworks */,
				5E5697BD1878B6F50038E392 /* Resources */,
				56001178F3B74443AE006AD9 /* Copy Pods Resources */,
			);
			buildRules = (
			);
			dependencies = (
			);
			name = SSAccessibility;
			productName = SSAccessibility;
			productReference = 5E5697BF1878B6F50038E392 /* SSAccessibility.app */;
			productType = "com.apple.product-type.application";
		};
		5E5697E21878B6F50038E392 /* SSAccessibilityTests */ = {
			isa = PBXNativeTarget;
			buildConfigurationList = 5E5697F71878B6F50038E392 /* Build configuration list for PBXNativeTarget "SSAccessibilityTests" */;
			buildPhases = (
				E475A81900C64A1E88DFBF6A /* Check Pods Manifest.lock */,
				5E5697DF1878B6F50038E392 /* Sources */,
				5E5697E01878B6F50038E392 /* Frameworks */,
				5E5697E11878B6F50038E392 /* Resources */,
				2391B3BBAB424FFFB3939322 /* Copy Pods Resources */,
			);
			buildRules = (
			);
			dependencies = (
				5E5697E91878B6F50038E392 /* PBXTargetDependency */,
			);
			name = SSAccessibilityTests;
			productName = SSAccessibilityTests;
			productReference = 5E5697E31878B6F50038E392 /* SSAccessibilityTests.xctest */;
			productType = "com.apple.product-type.bundle.unit-test";
		};
/* End PBXNativeTarget section */

/* Begin PBXProject section */
		5E5697B71878B6F50038E392 /* Project object */ = {
			isa = PBXProject;
			attributes = {
				CLASSPREFIX = SS;
				LastUpgradeCheck = 0500;
				ORGANIZATIONNAME = Splinesoft;
				TargetAttributes = {
					5E5697E21878B6F50038E392 = {
						TestTargetID = 5E5697BE1878B6F50038E392;
					};
				};
			};
			buildConfigurationList = 5E5697BA1878B6F50038E392 /* Build configuration list for PBXProject "SSAccessibility" */;
			compatibilityVersion = "Xcode 3.2";
			developmentRegion = English;
			hasScannedForEncodings = 0;
			knownRegions = (
				en,
				Base,
			);
			mainGroup = 5E5697B61878B6F50038E392;
			productRefGroup = 5E5697C01878B6F50038E392 /* Products */;
			projectDirPath = "";
			projectRoot = "";
			targets = (
				5E5697BE1878B6F50038E392 /* SSAccessibility */,
				5E5697E21878B6F50038E392 /* SSAccessibilityTests */,
			);
		};
/* End PBXProject section */

/* Begin PBXResourcesBuildPhase section */
		5E5697BD1878B6F50038E392 /* Resources */ = {
			isa = PBXResourcesBuildPhase;
			buildActionMask = 2147483647;
			files = (
				5E5697DE1878B6F50038E392 /* Images.xcassets in Resources */,
				5E5697CD1878B6F50038E392 /* InfoPlist.strings in Resources */,
			);
			runOnlyForDeploymentPostprocessing = 0;
		};
		5E5697E11878B6F50038E392 /* Resources */ = {
			isa = PBXResourcesBuildPhase;
			buildActionMask = 2147483647;
			files = (
				5E5697EF1878B6F50038E392 /* InfoPlist.strings in Resources */,
			);
			runOnlyForDeploymentPostprocessing = 0;
		};
/* End PBXResourcesBuildPhase section */

/* Begin PBXShellScriptBuildPhase section */
		2391B3BBAB424FFFB3939322 /* Copy Pods Resources */ = {
			isa = PBXShellScriptBuildPhase;
			buildActionMask = 2147483647;
			files = (
			);
			inputPaths = (
			);
			name = "Copy Pods Resources";
			outputPaths = (
			);
			runOnlyForDeploymentPostprocessing = 0;
			shellPath = /bin/sh;
			shellScript = "\"${SRCROOT}/Pods/Target Support Files/Pods-SSAccessibilityTests/Pods-SSAccessibilityTests-resources.sh\"\n";
			showEnvVarsInLog = 0;
		};
		56001178F3B74443AE006AD9 /* Copy Pods Resources */ = {
			isa = PBXShellScriptBuildPhase;
			buildActionMask = 2147483647;
			files = (
			);
			inputPaths = (
			);
			name = "Copy Pods Resources";
			outputPaths = (
			);
			runOnlyForDeploymentPostprocessing = 0;
			shellPath = /bin/sh;
			shellScript = "\"${SRCROOT}/Pods/Target Support Files/Pods/Pods-resources.sh\"\n";
			showEnvVarsInLog = 0;
		};
		CDE80A623A554A0FA5A862E2 /* Check Pods Manifest.lock */ = {
			isa = PBXShellScriptBuildPhase;
			buildActionMask = 2147483647;
			files = (
			);
			inputPaths = (
			);
			name = "Check Pods Manifest.lock";
			outputPaths = (
			);
			runOnlyForDeploymentPostprocessing = 0;
			shellPath = /bin/sh;
			shellScript = "diff \"${PODS_ROOT}/../Podfile.lock\" \"${PODS_ROOT}/Manifest.lock\" > /dev/null\nif [[ $? != 0 ]] ; then\n    cat << EOM\nerror: The sandbox is not in sync with the Podfile.lock. Run 'pod install' or update your CocoaPods installation.\nEOM\n    exit 1\nfi\n";
			showEnvVarsInLog = 0;
		};
		E475A81900C64A1E88DFBF6A /* Check Pods Manifest.lock */ = {
			isa = PBXShellScriptBuildPhase;
			buildActionMask = 2147483647;
			files = (
			);
			inputPaths = (
			);
			name = "Check Pods Manifest.lock";
			outputPaths = (
			);
			runOnlyForDeploymentPostprocessing = 0;
			shellPath = /bin/sh;
			shellScript = "diff \"${PODS_ROOT}/../Podfile.lock\" \"${PODS_ROOT}/Manifest.lock\" > /dev/null\nif [[ $? != 0 ]] ; then\n    cat << EOM\nerror: The sandbox is not in sync with the Podfile.lock. Run 'pod install' or update your CocoaPods installation.\nEOM\n    exit 1\nfi\n";
			showEnvVarsInLog = 0;
		};
/* End PBXShellScriptBuildPhase section */

/* Begin PBXSourcesBuildPhase section */
		5E5697BB1878B6F50038E392 /* Sources */ = {
			isa = PBXSourcesBuildPhase;
			buildActionMask = 2147483647;
			files = (
				5E5697DC1878B6F50038E392 /* SSViewController.m in Sources */,
				5E5697D31878B6F50038E392 /* SSAppDelegate.m in Sources */,
				5E5697CF1878B6F50038E392 /* main.m in Sources */,
			);
			runOnlyForDeploymentPostprocessing = 0;
		};
		5E5697DF1878B6F50038E392 /* Sources */ = {
			isa = PBXSourcesBuildPhase;
			buildActionMask = 2147483647;
			files = (
				5E5697F11878B6F50038E392 /* SSAccessibilityTests.m in Sources */,
			);
			runOnlyForDeploymentPostprocessing = 0;
		};
/* End PBXSourcesBuildPhase section */

/* Begin PBXTargetDependency section */
		5E5697E91878B6F50038E392 /* PBXTargetDependency */ = {
			isa = PBXTargetDependency;
			target = 5E5697BE1878B6F50038E392 /* SSAccessibility */;
			targetProxy = 5E5697E81878B6F50038E392 /* PBXContainerItemProxy */;
		};
/* End PBXTargetDependency section */

/* Begin PBXVariantGroup section */
		5E5697CB1878B6F50038E392 /* InfoPlist.strings */ = {
			isa = PBXVariantGroup;
			children = (
				5E5697CC1878B6F50038E392 /* en */,
			);
			name = InfoPlist.strings;
			sourceTree = "<group>";
		};
		5E5697ED1878B6F50038E392 /* InfoPlist.strings */ = {
			isa = PBXVariantGroup;
			children = (
				5E5697EE1878B6F50038E392 /* en */,
			);
			name = InfoPlist.strings;
			sourceTree = "<group>";
		};
/* End PBXVariantGroup section */

/* Begin XCBuildConfiguration section */
		5E5697F21878B6F50038E392 /* Debug */ = {
			isa = XCBuildConfiguration;
			buildSettings = {
				ALWAYS_SEARCH_USER_PATHS = NO;
				ARCHS = "$(ARCHS_STANDARD_INCLUDING_64_BIT)";
				CLANG_CXX_LANGUAGE_STANDARD = "gnu++0x";
				CLANG_CXX_LIBRARY = "libc++";
				CLANG_ENABLE_MODULES = YES;
				CLANG_ENABLE_OBJC_ARC = YES;
				CLANG_WARN_BOOL_CONVERSION = YES;
				CLANG_WARN_CONSTANT_CONVERSION = YES;
				CLANG_WARN_DIRECT_OBJC_ISA_USAGE = YES_ERROR;
				CLANG_WARN_EMPTY_BODY = YES;
				CLANG_WARN_ENUM_CONVERSION = YES;
				CLANG_WARN_INT_CONVERSION = YES;
				CLANG_WARN_OBJC_ROOT_CLASS = YES_ERROR;
				CLANG_WARN__DUPLICATE_METHOD_MATCH = YES;
				"CODE_SIGN_IDENTITY[sdk=iphoneos*]" = "";
				COPY_PHASE_STRIP = NO;
				GCC_C_LANGUAGE_STANDARD = gnu99;
				GCC_DYNAMIC_NO_PIC = NO;
				GCC_OPTIMIZATION_LEVEL = 0;
				GCC_PREPROCESSOR_DEFINITIONS = (
					"DEBUG=1",
					"$(inherited)",
				);
				GCC_SYMBOLS_PRIVATE_EXTERN = NO;
				GCC_WARN_64_TO_32_BIT_CONVERSION = YES;
				GCC_WARN_ABOUT_RETURN_TYPE = YES_ERROR;
				GCC_WARN_UNDECLARED_SELECTOR = YES;
				GCC_WARN_UNINITIALIZED_AUTOS = YES;
				GCC_WARN_UNUSED_FUNCTION = YES;
				GCC_WARN_UNUSED_VARIABLE = YES;
				IPHONEOS_DEPLOYMENT_TARGET = 7.0;
				ONLY_ACTIVE_ARCH = YES;
				SDKROOT = iphoneos;
				TARGETED_DEVICE_FAMILY = "1,2";
			};
			name = Debug;
		};
		5E5697F31878B6F50038E392 /* Release */ = {
			isa = XCBuildConfiguration;
			buildSettings = {
				ALWAYS_SEARCH_USER_PATHS = NO;
				ARCHS = "$(ARCHS_STANDARD_INCLUDING_64_BIT)";
				CLANG_CXX_LANGUAGE_STANDARD = "gnu++0x";
				CLANG_CXX_LIBRARY = "libc++";
				CLANG_ENABLE_MODULES = YES;
				CLANG_ENABLE_OBJC_ARC = YES;
				CLANG_WARN_BOOL_CONVERSION = YES;
				CLANG_WARN_CONSTANT_CONVERSION = YES;
				CLANG_WARN_DIRECT_OBJC_ISA_USAGE = YES_ERROR;
				CLANG_WARN_EMPTY_BODY = YES;
				CLANG_WARN_ENUM_CONVERSION = YES;
				CLANG_WARN_INT_CONVERSION = YES;
				CLANG_WARN_OBJC_ROOT_CLASS = YES_ERROR;
				CLANG_WARN__DUPLICATE_METHOD_MATCH = YES;
				"CODE_SIGN_IDENTITY[sdk=iphoneos*]" = "";
				COPY_PHASE_STRIP = YES;
				ENABLE_NS_ASSERTIONS = NO;
				GCC_C_LANGUAGE_STANDARD = gnu99;
				GCC_WARN_64_TO_32_BIT_CONVERSION = YES;
				GCC_WARN_ABOUT_RETURN_TYPE = YES_ERROR;
				GCC_WARN_UNDECLARED_SELECTOR = YES;
				GCC_WARN_UNINITIALIZED_AUTOS = YES;
				GCC_WARN_UNUSED_FUNCTION = YES;
				GCC_WARN_UNUSED_VARIABLE = YES;
				IPHONEOS_DEPLOYMENT_TARGET = 7.0;
				SDKROOT = iphoneos;
				TARGETED_DEVICE_FAMILY = "1,2";
				VALIDATE_PRODUCT = YES;
			};
			name = Release;
		};
		5E5697F51878B6F50038E392 /* Debug */ = {
			isa = XCBuildConfiguration;
			baseConfigurationReference = 160ACE5F898E64986D8F2C5F /* Pods.debug.xcconfig */;
			buildSettings = {
				ASSETCATALOG_COMPILER_APPICON_NAME = AppIcon;
				ASSETCATALOG_COMPILER_LAUNCHIMAGE_NAME = LaunchImage;
				CLANG_ANALYZER_SECURITY_FLOATLOOPCOUNTER = YES;
				CLANG_ANALYZER_SECURITY_INSECUREAPI_RAND = YES;
				CLANG_ANALYZER_SECURITY_INSECUREAPI_STRCPY = YES;
				CLANG_WARN_CXX0X_EXTENSIONS = YES;
				CLANG_WARN_DEPRECATED_OBJC_IMPLEMENTATIONS = YES;
				CLANG_WARN_IMPLICIT_SIGN_CONVERSION = YES;
				CLANG_WARN_OBJC_EXPLICIT_OWNERSHIP_TYPE = YES;
				CLANG_WARN_OBJC_IMPLICIT_ATOMIC_PROPERTIES = YES;
				CLANG_WARN_OBJC_IMPLICIT_RETAIN_SELF = YES;
				CLANG_WARN_OBJC_RECEIVER_WEAK = YES;
				CLANG_WARN_OBJC_REPEATED_USE_OF_WEAK = YES;
				CLANG_WARN_SUSPICIOUS_IMPLICIT_CONVERSION = YES;
				CLANG_WARN__EXIT_TIME_DESTRUCTORS = YES;
				"CODE_SIGN_IDENTITY[sdk=iphoneos*]" = "";
				GCC_PRECOMPILE_PREFIX_HEADER = YES;
				GCC_PREFIX_HEADER = "SSAccessibility/SSAccessibility-Prefix.pch";
				GCC_TREAT_IMPLICIT_FUNCTION_DECLARATIONS_AS_ERRORS = YES;
				GCC_TREAT_INCOMPATIBLE_POINTER_TYPE_WARNINGS_AS_ERRORS = YES;
				GCC_TREAT_WARNINGS_AS_ERRORS = YES;
				GCC_WARN_ABOUT_MISSING_FIELD_INITIALIZERS = YES;
				GCC_WARN_ABOUT_MISSING_PROTOTYPES = YES;
				GCC_WARN_FOUR_CHARACTER_CONSTANTS = YES;
				GCC_WARN_HIDDEN_VIRTUAL_FUNCTIONS = YES;
				GCC_WARN_MULTIPLE_DEFINITION_TYPES_FOR_SELECTOR = YES;
				GCC_WARN_NON_VIRTUAL_DESTRUCTOR = YES;
				GCC_WARN_SIGN_COMPARE = YES;
				GCC_WARN_STRICT_SELECTOR_MATCH = YES;
				GCC_WARN_UNKNOWN_PRAGMAS = YES;
				GCC_WARN_UNUSED_LABEL = YES;
				INFOPLIST_FILE = "SSAccessibility/SSAccessibility-Info.plist";
				PRODUCT_NAME = "$(TARGET_NAME)";
				RUN_CLANG_STATIC_ANALYZER = YES;
				WRAPPER_EXTENSION = app;
			};
			name = Debug;
		};
		5E5697F61878B6F50038E392 /* Release */ = {
			isa = XCBuildConfiguration;
			baseConfigurationReference = C096D85C8B7DDDA87E7245C5 /* Pods.release.xcconfig */;
			buildSettings = {
				ASSETCATALOG_COMPILER_APPICON_NAME = AppIcon;
				ASSETCATALOG_COMPILER_LAUNCHIMAGE_NAME = LaunchImage;
				CLANG_ANALYZER_SECURITY_FLOATLOOPCOUNTER = YES;
				CLANG_ANALYZER_SECURITY_INSECUREAPI_RAND = YES;
				CLANG_ANALYZER_SECURITY_INSECUREAPI_STRCPY = YES;
				CLANG_WARN_CXX0X_EXTENSIONS = YES;
				CLANG_WARN_DEPRECATED_OBJC_IMPLEMENTATIONS = YES;
				CLANG_WARN_IMPLICIT_SIGN_CONVERSION = YES;
				CLANG_WARN_OBJC_EXPLICIT_OWNERSHIP_TYPE = YES;
				CLANG_WARN_OBJC_IMPLICIT_ATOMIC_PROPERTIES = YES;
				CLANG_WARN_OBJC_IMPLICIT_RETAIN_SELF = YES;
				CLANG_WARN_OBJC_RECEIVER_WEAK = YES;
				CLANG_WARN_OBJC_REPEATED_USE_OF_WEAK = YES;
				CLANG_WARN_SUSPICIOUS_IMPLICIT_CONVERSION = YES;
				CLANG_WARN__EXIT_TIME_DESTRUCTORS = YES;
				"CODE_SIGN_IDENTITY[sdk=iphoneos*]" = "";
				GCC_PRECOMPILE_PREFIX_HEADER = YES;
				GCC_PREFIX_HEADER = "SSAccessibility/SSAccessibility-Prefix.pch";
				GCC_TREAT_IMPLICIT_FUNCTION_DECLARATIONS_AS_ERRORS = YES;
				GCC_TREAT_INCOMPATIBLE_POINTER_TYPE_WARNINGS_AS_ERRORS = YES;
				GCC_TREAT_WARNINGS_AS_ERRORS = YES;
				GCC_WARN_ABOUT_MISSING_FIELD_INITIALIZERS = YES;
				GCC_WARN_ABOUT_MISSING_PROTOTYPES = YES;
				GCC_WARN_FOUR_CHARACTER_CONSTANTS = YES;
				GCC_WARN_HIDDEN_VIRTUAL_FUNCTIONS = YES;
				GCC_WARN_MULTIPLE_DEFINITION_TYPES_FOR_SELECTOR = YES;
				GCC_WARN_NON_VIRTUAL_DESTRUCTOR = YES;
				GCC_WARN_SIGN_COMPARE = YES;
				GCC_WARN_STRICT_SELECTOR_MATCH = YES;
				GCC_WARN_UNKNOWN_PRAGMAS = YES;
				GCC_WARN_UNUSED_LABEL = YES;
				INFOPLIST_FILE = "SSAccessibility/SSAccessibility-Info.plist";
				PRODUCT_NAME = "$(TARGET_NAME)";
				RUN_CLANG_STATIC_ANALYZER = YES;
				WRAPPER_EXTENSION = app;
			};
			name = Release;
		};
		5E5697F81878B6F50038E392 /* Debug */ = {
			isa = XCBuildConfiguration;
			baseConfigurationReference = 0C8B3C146036716551CF65D8 /* Pods-SSAccessibilityTests.debug.xcconfig */;
			buildSettings = {
				ARCHS = "$(ARCHS_STANDARD_INCLUDING_64_BIT)";
				BUNDLE_LOADER = "$(BUILT_PRODUCTS_DIR)/SSAccessibility.app/SSAccessibility";
				FRAMEWORK_SEARCH_PATHS = (
					"$(SDKROOT)/Developer/Library/Frameworks",
					"$(inherited)",
					"$(DEVELOPER_FRAMEWORKS_DIR)",
				);
				GCC_PRECOMPILE_PREFIX_HEADER = YES;
				GCC_PREFIX_HEADER = "SSAccessibility/SSAccessibility-Prefix.pch";
				GCC_PREPROCESSOR_DEFINITIONS = (
					"DEBUG=1",
					"$(inherited)",
				);
				INFOPLIST_FILE = "SSAccessibilityTests/SSAccessibilityTests-Info.plist";
				PRODUCT_NAME = "$(TARGET_NAME)";
				TEST_HOST = "$(BUNDLE_LOADER)";
				WRAPPER_EXTENSION = xctest;
			};
			name = Debug;
		};
		5E5697F91878B6F50038E392 /* Release */ = {
			isa = XCBuildConfiguration;
			baseConfigurationReference = D55BBD489AF3046213F412A6 /* Pods-SSAccessibilityTests.release.xcconfig */;
			buildSettings = {
				ARCHS = "$(ARCHS_STANDARD_INCLUDING_64_BIT)";
				BUNDLE_LOADER = "$(BUILT_PRODUCTS_DIR)/SSAccessibility.app/SSAccessibility";
				FRAMEWORK_SEARCH_PATHS = (
					"$(SDKROOT)/Developer/Library/Frameworks",
					"$(inherited)",
					"$(DEVELOPER_FRAMEWORKS_DIR)",
				);
				GCC_PRECOMPILE_PREFIX_HEADER = YES;
				GCC_PREFIX_HEADER = "SSAccessibility/SSAccessibility-Prefix.pch";
				INFOPLIST_FILE = "SSAccessibilityTests/SSAccessibilityTests-Info.plist";
				PRODUCT_NAME = "$(TARGET_NAME)";
				TEST_HOST = "$(BUNDLE_LOADER)";
				WRAPPER_EXTENSION = xctest;
			};
			name = Release;
		};
/* End XCBuildConfiguration section */

/* Begin XCConfigurationList section */
		5E5697BA1878B6F50038E392 /* Build configuration list for PBXProject "SSAccessibility" */ = {
			isa = XCConfigurationList;
			buildConfigurations = (
				5E5697F21878B6F50038E392 /* Debug */,
				5E5697F31878B6F50038E392 /* Release */,
			);
			defaultConfigurationIsVisible = 0;
			defaultConfigurationName = Release;
		};
		5E5697F41878B6F50038E392 /* Build configuration list for PBXNativeTarget "SSAccessibility" */ = {
			isa = XCConfigurationList;
			buildConfigurations = (
				5E5697F51878B6F50038E392 /* Debug */,
				5E5697F61878B6F50038E392 /* Release */,
			);
			defaultConfigurationIsVisible = 0;
			defaultConfigurationName = Release;
		};
		5E5697F71878B6F50038E392 /* Build configuration list for PBXNativeTarget "SSAccessibilityTests" */ = {
			isa = XCConfigurationList;
			buildConfigurations = (
				5E5697F81878B6F50038E392 /* Debug */,
				5E5697F91878B6F50038E392 /* Release */,
			);
			defaultConfigurationIsVisible = 0;
			defaultConfigurationName = Release;
		};
/* End XCConfigurationList section */
	};
	rootObject = 5E5697B71878B6F50038E392 /* Project object */;
}
